dependencies:
- name: mysql
  repository: https://charts.bitnami.com/bitnami
  version: 9.22.0
- name: minio
  repository: https://charts.bitnami.com/bitnami
  version: 13.7.0
digest: sha256:ef273c6adc87ec960dcfe93b092459e0f6ddb40180c35fe1d3f64ac36ec723d1
generated: "2024-03-03T09:26:54.855764383+01:00"
